
Microsoft Visual Studio Solution File, Format Version 12.00
# Visual Studio Version 17
VisualStudioVersion = 17.3.32825.248
MinimumVisualStudioVersion = 10.0.40219.1
Project("{FAE04EC0-301F-11D3-BF4B-00C04F79EFBC}") = "Warehouse.in", "Warehouse.in\Warehouse.in.csproj", "{96B5DE43-2BF9-49AA-B08B-414AA5070AF1}"
EndProject
Global
	GlobalSection(SolutionConfigurationPlatforms) = preSolution
		Debug|Any CPU = Debug|Any CPU
		Release|Any CPU = Release|Any CPU
	EndGlobalSection
	GlobalSection(ProjectConfigurationPlatforms) = postSolution
		{96B5DE43-2BF9-49AA-B08B-414AA5070AF1}.Debug|Any CPU.ActiveCfg = Debug|Any CPU
		{96B5DE43-2BF9-49AA-B08B-414AA5070AF1}.Debug|Any CPU.Build.0 = Debug|Any CPU
		{96B5DE43-2BF9-49AA-B08B-414AA5070AF1}.Release|Any CPU.ActiveCfg = Release|Any CPU
		{96B5DE43-2BF9-49AA-B08B-414AA5070AF1}.Release|Any CPU.Build.0 = Release|Any CPU
	EndGlobalSection
	GlobalSection(SolutionProperties) = preSolution
		HideSolutionNode = FALSE
	EndGlobalSection
	GlobalSection(ExtensibilityGlobals) = postSolution
		SolutionGuid = {883897C3-06AA-4508-BA33-69D723A75C7B}
	EndGlobalSection
EndGlobal
